
Microsoft Visual Studio Solution File, Format Version 12.00
# Visual Studio Version 17
VisualStudioVersion = 17.6.33829.357
MinimumVisualStudioVersion = 10.0.40219.1
Project("{FAE04EC0-301F-11D3-BF4B-00C04F79EFBC}") = "MagicVilla_VillaAPI", "MagicVilla_VillaAPI\MagicVilla_VillaAPI.csproj", "{2877D585-1905-493F-A9F2-7D247EF57A3C}"
EndProject
Global
	GlobalSection(SolutionConfigurationPlatforms) = preSolution
		Debug|Any CPU = Debug|Any CPU
		Release|Any CPU = Release|Any CPU
	EndGlobalSection
	GlobalSection(ProjectConfigurationPlatforms) = postSolution
		{2877D585-1905-493F-A9F2-7D247EF57A3C}.Debug|Any CPU.ActiveCfg = Debug|Any CPU
		{2877D585-1905-493F-A9F2-7D247EF57A3C}.Debug|Any CPU.Build.0 = Debug|Any CPU
		{2877D585-1905-493F-A9F2-7D247EF57A3C}.Release|Any CPU.ActiveCfg = Release|Any CPU
		{2877D585-1905-493F-A9F2-7D247EF57A3C}.Release|Any CPU.Build.0 = Release|Any CPU
	EndGlobalSection
	GlobalSection(SolutionProperties) = preSolution
		HideSolutionNode = FALSE
	EndGlobalSection
	GlobalSection(ExtensibilityGlobals) = postSolution
		SolutionGuid = {19D528D8-AF57-4882-9A27-C84C3575D62D}
	EndGlobalSection
EndGlobal
