
Microsoft Visual Studio Solution File, Format Version 12.00
# Visual Studio Version 17
VisualStudioVersion = 17.6.33829.357
MinimumVisualStudioVersion = 10.0.40219.1
Project("{9A19103F-16F7-4668-BE54-9A1E7A4F7556}") = "MagicVilla_VillaAPI", "MagicVilla_VillaAPI\MagicVilla_VillaAPI.csproj", "{2877D585-1905-493F-A9F2-7D247EF57A3C}"
EndProject
Project("{9A19103F-16F7-4668-BE54-9A1E7A4F7556}") = "MagicVilla_Utility", "MagicVilla_Utility\MagicVilla_Utility.csproj", "{F5B9BA67-3523-4606-BDAC-6E98E9D4FE21}"
EndProject
Project("{FAE04EC0-301F-11D3-BF4B-00C04F79EFBC}") = "MagicVilla_Web", "MagicVilla_Web\MagicVilla_Web.csproj", "{FCD3954A-B9CB-4308-A0DE-CF7BACD70126}"
EndProject
Global
	GlobalSection(SolutionConfigurationPlatforms) = preSolution
		Debug|Any CPU = Debug|Any CPU
		Release|Any CPU = Release|Any CPU
	EndGlobalSection
	GlobalSection(ProjectConfigurationPlatforms) = postSolution
		{2877D585-1905-493F-A9F2-7D247EF57A3C}.Debug|Any CPU.ActiveCfg = Debug|Any CPU
		{2877D585-1905-493F-A9F2-7D247EF57A3C}.Debug|Any CPU.Build.0 = Debug|Any CPU
		{2877D585-1905-493F-A9F2-7D247EF57A3C}.Release|Any CPU.ActiveCfg = Release|Any CPU
		{2877D585-1905-493F-A9F2-7D247EF57A3C}.Release|Any CPU.Build.0 = Release|Any CPU
		{F5B9BA67-3523-4606-BDAC-6E98E9D4FE21}.Debug|Any CPU.ActiveCfg = Debug|Any CPU
		{F5B9BA67-3523-4606-BDAC-6E98E9D4FE21}.Debug|Any CPU.Build.0 = Debug|Any CPU
		{F5B9BA67-3523-4606-BDAC-6E98E9D4FE21}.Release|Any CPU.ActiveCfg = Release|Any CPU
		{F5B9BA67-3523-4606-BDAC-6E98E9D4FE21}.Release|Any CPU.Build.0 = Release|Any CPU
		{FCD3954A-B9CB-4308-A0DE-CF7BACD70126}.Debug|Any CPU.ActiveCfg = Debug|Any CPU
		{FCD3954A-B9CB-4308-A0DE-CF7BACD70126}.Debug|Any CPU.Build.0 = Debug|Any CPU
		{FCD3954A-B9CB-4308-A0DE-CF7BACD70126}.Release|Any CPU.ActiveCfg = Release|Any CPU
		{FCD3954A-B9CB-4308-A0DE-CF7BACD70126}.Release|Any CPU.Build.0 = Release|Any CPU
	EndGlobalSection
	GlobalSection(SolutionProperties) = preSolution
		HideSolutionNode = FALSE
	EndGlobalSection
	GlobalSection(ExtensibilityGlobals) = postSolution
		SolutionGuid = {19D528D8-AF57-4882-9A27-C84C3575D62D}
	EndGlobalSection
EndGlobal
